{
  "name": "csv-processor",
  "version": "1.0.0",
  "lockfileVersion": 1,
  "requires": true,
  "dependencies": {
    "is-any-array": {
      "version": "0.0.3",
      "resolved": "https://registry.npmjs.org/is-any-array/-/is-any-array-0.0.3.tgz",
      "integrity": "sha512-Lr5SRykZv6uuYMZURz7+YpigT1ziTBHOTgFJ1zK7gL+9Wbet5Ha1ws6S84Jo/lH4zep02b95sk6o4+MTk97mPQ=="
    },
    "median-quickselect": {
      "version": "1.0.1",
      "resolved": "https://registry.npmjs.org/median-quickselect/-/median-quickselect-1.0.1.tgz",
      "integrity": "sha1-3jQIA1pbLwQ4o5uZiT+vPn1hd/g="
    },
    "ml-array-max": {
      "version": "1.1.1",
      "resolved": "https://registry.npmjs.org/ml-array-max/-/ml-array-max-1.1.1.tgz",
      "integrity": "sha512-lEtVH02mkRESnwCq6y0w8rrnRltwlEmYKRuYNZGSmpiqL+TcHc1Z/kn73Ga9L3iFtyYOtmdLGug0ufGy0xbfmw==",
      "requires": {
        "is-any-array": "^0.0.3"
      }
    },
    "ml-array-mean": {
      "version": "1.1.1",
      "resolved": "https://registry.npmjs.org/ml-array-mean/-/ml-array-mean-1.1.1.tgz",
      "integrity": "sha512-13qaL262Leq7gr9rvfJIOMZ4p7aD8PXOpWgeH83oy527aJEGHGTBLm44eZVt5j+DcEBwtcwXvpSDTromL02rcQ==",
      "requires": {
        "is-any-array": "^0.0.3"
      }
    },
    "ml-array-median": {
      "version": "1.1.1",
      "resolved": "https://registry.npmjs.org/ml-array-median/-/ml-array-median-1.1.1.tgz",
      "integrity": "sha512-a9u56ER3iG38kZhDg1qgX9WXBJF4vS74nwdQ5puKPnqFW4cRG/4spPE+N3gHMDnvLu34iX3thDuQYH9Sf+Afww==",
      "requires": {
        "is-any-array": "^0.0.3",
        "median-quickselect": "^1.0.1"
      }
    },
    "ml-array-min": {
      "version": "1.1.1",
      "resolved": "https://registry.npmjs.org/ml-array-min/-/ml-array-min-1.1.1.tgz",
      "integrity": "sha512-xwUm80ktZLoKMK5j0yilCM8/X07KaW/yvnBiqxPxLRkzIEqK2NA2lHw5uvDpfEYYBUzZbMIG/jHDum+YrjKvPg==",
      "requires": {
        "is-any-array": "^0.0.3"
      }
    },
    "ml-array-rescale": {
      "version": "1.2.1",
      "resolved": "https://registry.npmjs.org/ml-array-rescale/-/ml-array-rescale-1.2.1.tgz",
      "integrity": "sha512-C9YliVwYknxBNFXXbCFwCDUZScZkgL82CEL4GdpdhWAvUTZIRn7opAOOj4ZnZZXjIrUFCV+YB99DKM1frd9eOQ==",
      "requires": {
        "is-any-array": "^0.0.3",
        "ml-array-max": "^1.1.1",
        "ml-array-min": "^1.1.1"
      }
    },
    "ml-cart": {
      "version": "1.0.8",
      "resolved": "https://registry.npmjs.org/ml-cart/-/ml-cart-1.0.8.tgz",
      "integrity": "sha512-19ZoyUwza/Cy9kBZwERZF2Rgl8qzVRIUfyZ/zy3Q5RKVTLPD3pAJwxJljl59LpitVAbjKDwpFDfeQn7Oafv7nw==",
      "requires": {
        "ml-array-mean": "^1.0.0",
        "ml-matrix": "^5.0.0"
      }
    },
    "ml-dataset-iris": {
      "version": "1.0.0",
      "resolved": "https://registry.npmjs.org/ml-dataset-iris/-/ml-dataset-iris-1.0.0.tgz",
      "integrity": "sha1-Qg8yy1uHTwo7AI/JmcswxtzX4So="
    },
    "ml-matrix": {
      "version": "5.2.0",
      "resolved": "https://registry.npmjs.org/ml-matrix/-/ml-matrix-5.2.0.tgz",
      "integrity": "sha512-YoldgXeLw77cFAO9wCFMkOM9HAmgm1SHPaXVanevb0p1jn/G88ixv7v40/1hL+K0P2DJlMsNy4kNL0c0jtAfjw==",
      "requires": {
        "ml-array-max": "^1.0.2",
        "ml-array-rescale": "^1.1.1"
      }
    },
    "ml-random-forest": {
      "version": "1.0.3",
      "resolved": "https://registry.npmjs.org/ml-random-forest/-/ml-random-forest-1.0.3.tgz",
      "integrity": "sha512-sGy9US+wMDnQUK2VrdCUTkjfNNl1HR5ddGpaUugontwAX9b2Ird/Xx4gV5rLATKYqg2OAE00juWy/4b4HMV7/w==",
      "requires": {
        "ml-array-mean": "^1.0.0",
        "ml-array-median": "^1.0.0",
        "ml-cart": "^1.0.8",
        "ml-matrix": "^5.0.0",
        "random-js": "^1.0.8"
      }
    },
    "random-js": {
      "version": "1.0.8",
      "resolved": "https://registry.npmjs.org/random-js/-/random-js-1.0.8.tgz",
      "integrity": "sha1-lo/WiabyXWwKrHZig94vaIycGQo="
    }
  }
}
